// !$*UTF8*$!
{
	archiveVersion = 1;
	classes = {
	};
	objectVersion = 50;
	objects = {

/* Begin PBXBuildFile section */
		BD002546267C75290011ECEA /* AppDelegate.swift in Sources */ = {isa = PBXBuildFile; fileRef = BD002545267C75290011ECEA /* AppDelegate.swift */; };
		BD002548267C75290011ECEA /* SceneDelegate.swift in Sources */ = {isa = PBXBuildFile; fileRef = BD002547267C75290011ECEA /* SceneDelegate.swift */; };
		BD00254A267C75290011ECEA /* MemoListScene.swift in Sources */ = {isa = PBXBuildFile; fileRef = BD002549267C75290011ECEA /* MemoListScene.swift */; };
		BD00254D267C75290011ECEA /* SwiftUIMemo.xcdatamodeld in Sources */ = {isa = PBXBuildFile; fileRef = BD00254B267C75290011ECEA /* SwiftUIMemo.xcdatamodeld */; };
		BD00254F267C752A0011ECEA /* Assets.xcassets in Resources */ = {isa = PBXBuildFile; fileRef = BD00254E267C752A0011ECEA /* Assets.xcassets */; };
		BD002552267C752A0011ECEA /* Preview Assets.xcassets in Resources */ = {isa = PBXBuildFile; fileRef = BD002551267C752A0011ECEA /* Preview Assets.xcassets */; };
		BD002555267C752A0011ECEA /* LaunchScreen.storyboard in Resources */ = {isa = PBXBuildFile; fileRef = BD002553267C752A0011ECEA /* LaunchScreen.storyboard */; };
		BD354439267C7D960065E2D1 /* Memo.swift in Sources */ = {isa = PBXBuildFile; fileRef = BD354438267C7D960065E2D1 /* Memo.swift */; };
		BD35443B267C7F930065E2D1 /* MemoStore.swift in Sources */ = {isa = PBXBuildFile; fileRef = BD35443A267C7F930065E2D1 /* MemoStore.swift */; };
		BD35443E267C83B00065E2D1 /* DateFormatter+Memo.swift in Sources */ = {isa = PBXBuildFile; fileRef = BD35443D267C83B00065E2D1 /* DateFormatter+Memo.swift */; };
		BD354441267C86290065E2D1 /* MemoCell.swift in Sources */ = {isa = PBXBuildFile; fileRef = BD354440267C86290065E2D1 /* MemoCell.swift */; };
		BD53D24B2680588A002D3BAB /* ComposeScene.swift in Sources */ = {isa = PBXBuildFile; fileRef = BD53D24A2680588A002D3BAB /* ComposeScene.swift */; };
		BDD1B23D268074F600C60991 /* TextView.swift in Sources */ = {isa = PBXBuildFile; fileRef = BDD1B23C268074F600C60991 /* TextView.swift */; };
		BDD1B2402680773400C60991 /* KeyboardObserver.swift in Sources */ = {isa = PBXBuildFile; fileRef = BDD1B23F2680773400C60991 /* KeyboardObserver.swift */; };
		BDD1B24226808EDC00C60991 /* DetailScene.swift in Sources */ = {isa = PBXBuildFile; fileRef = BDD1B24126808EDC00C60991 /* DetailScene.swift */; };
/* End PBXBuildFile section */

/* Begin PBXFileReference section */
		BD002542267C75290011ECEA /* SwiftUIMemo.app */ = {isa = PBXFileReference; explicitFileType = wrapper.application; includeInIndex = 0; path = SwiftUIMemo.app; sourceTree = BUILT_PRODUCTS_DIR; };
		BD002545267C75290011ECEA /* AppDelegate.swift */ = {isa = PBXFileReference; lastKnownFileType = sourcecode.swift; path = AppDelegate.swift; sourceTree = "<group>"; };
		BD002547267C75290011ECEA /* SceneDelegate.swift */ = {isa = PBXFileReference; lastKnownFileType = sourcecode.swift; path = SceneDelegate.swift; sourceTree = "<group>"; };
		BD002549267C75290011ECEA /* MemoListScene.swift */ = {isa = PBXFileReference; lastKnownFileType = sourcecode.swift; path = MemoListScene.swift; sourceTree = "<group>"; };
		BD00254C267C75290011ECEA /* SwiftUIMemo.xcdatamodel */ = {isa = PBXFileReference; lastKnownFileType = wrapper.xcdatamodel; path = SwiftUIMemo.xcdatamodel; sourceTree = "<group>"; };
		BD00254E267C752A0011ECEA /* Assets.xcassets */ = {isa = PBXFileReference; lastKnownFileType = folder.assetcatalog; path = Assets.xcassets; sourceTree = "<group>"; };
		BD002551267C752A0011ECEA /* Preview Assets.xcassets */ = {isa = PBXFileReference; lastKnownFileType = folder.assetcatalog; path = "Preview Assets.xcassets"; sourceTree = "<group>"; };
		BD002554267C752A0011ECEA /* Base */ = {isa = PBXFileReference; lastKnownFileType = file.storyboard; name = Base; path = Base.lproj/LaunchScreen.storyboard; sourceTree = "<group>"; };
		BD002556267C752A0011ECEA /* Info.plist */ = {isa = PBXFileReference; lastKnownFileType = text.plist.xml; path = Info.plist; sourceTree = "<group>"; };
		BD354438267C7D960065E2D1 /* Memo.swift */ = {isa = PBXFileReference; lastKnownFileType = sourcecode.swift; path = Memo.swift; sourceTree = "<group>"; };
		BD35443A267C7F930065E2D1 /* MemoStore.swift */ = {isa = PBXFileReference; lastKnownFileType = sourcecode.swift; path = MemoStore.swift; sourceTree = "<group>"; };
		BD35443D267C83B00065E2D1 /* DateFormatter+Memo.swift */ = {isa = PBXFileReference; lastKnownFileType = sourcecode.swift; path = "DateFormatter+Memo.swift"; sourceTree = "<group>"; };
		BD354440267C86290065E2D1 /* MemoCell.swift */ = {isa = PBXFileReference; lastKnownFileType = sourcecode.swift; path = MemoCell.swift; sourceTree = "<group>"; };
		BD53D24A2680588A002D3BAB /* ComposeScene.swift */ = {isa = PBXFileReference; lastKnownFileType = sourcecode.swift; path = ComposeScene.swift; sourceTree = "<group>"; };
		BDD1B23C268074F600C60991 /* TextView.swift */ = {isa = PBXFileReference; lastKnownFileType = sourcecode.swift; path = TextView.swift; sourceTree = "<group>"; };
		BDD1B23F2680773400C60991 /* KeyboardObserver.swift */ = {isa = PBXFileReference; lastKnownFileType = sourcecode.swift; path = KeyboardObserver.swift; sourceTree = "<group>"; };
		BDD1B24126808EDC00C60991 /* DetailScene.swift */ = {isa = PBXFileReference; lastKnownFileType = sourcecode.swift; path = DetailScene.swift; sourceTree = "<group>"; };
/* End PBXFileReference section */

/* Begin PBXFrameworksBuildPhase section */
		BD00253F267C75290011ECEA /* Frameworks */ = {
			isa = PBXFrameworksBuildPhase;
			buildActionMask = 2147483647;
			files = (
			);
			runOnlyForDeploymentPostprocessing = 0;
		};
/* End PBXFrameworksBuildPhase section */

/* Begin PBXGroup section */
		BD002539267C75290011ECEA = {
			isa = PBXGroup;
			children = (
				BD002544267C75290011ECEA /* SwiftUIMemo */,
				BD002543267C75290011ECEA /* Products */,
			);
			sourceTree = "<group>";
		};
		BD002543267C75290011ECEA /* Products */ = {
			isa = PBXGroup;
			children = (
				BD002542267C75290011ECEA /* SwiftUIMemo.app */,
			);
			name = Products;
			sourceTree = "<group>";
		};
		BD002544267C75290011ECEA /* SwiftUIMemo */ = {
			isa = PBXGroup;
			children = (
				BDD1B23E2680771B00C60991 /* Shared */,
				BD354442267C87400065E2D1 /* Scene */,
				BD35443C267C83870065E2D1 /* Extension */,
				BD354437267C7D740065E2D1 /* Model */,
				BD002545267C75290011ECEA /* AppDelegate.swift */,
				BD002547267C75290011ECEA /* SceneDelegate.swift */,
				BD00254E267C752A0011ECEA /* Assets.xcassets */,
				BD002553267C752A0011ECEA /* LaunchScreen.storyboard */,
				BD002556267C752A0011ECEA /* Info.plist */,
				BD00254B267C75290011ECEA /* SwiftUIMemo.xcdatamodeld */,
				BD002550267C752A0011ECEA /* Preview Content */,
			);
			path = SwiftUIMemo;
			sourceTree = "<group>";
		};
		BD002550267C752A0011ECEA /* Preview Content */ = {
			isa = PBXGroup;
			children = (
				BD002551267C752A0011ECEA /* Preview Assets.xcassets */,
			);
			path = "Preview Content";
			sourceTree = "<group>";
		};
		BD354437267C7D740065E2D1 /* Model */ = {
			isa = PBXGroup;
			children = (
				BD354438267C7D960065E2D1 /* Memo.swift */,
				BD35443A267C7F930065E2D1 /* MemoStore.swift */,
			);
			path = Model;
			sourceTree = "<group>";
		};
		BD35443C267C83870065E2D1 /* Extension */ = {
			isa = PBXGroup;
			children = (
				BD35443D267C83B00065E2D1 /* DateFormatter+Memo.swift */,
			);
			path = Extension;
			sourceTree = "<group>";
		};
		BD35443F267C860B0065E2D1 /* View */ = {
			isa = PBXGroup;
			children = (
				BD354440267C86290065E2D1 /* MemoCell.swift */,
				BDD1B23C268074F600C60991 /* TextView.swift */,
			);
			path = View;
			sourceTree = "<group>";
		};
		BD354442267C87400065E2D1 /* Scene */ = {
			isa = PBXGroup;
			children = (
				BD35443F267C860B0065E2D1 /* View */,
				BD002549267C75290011ECEA /* MemoListScene.swift */,
				BD53D24A2680588A002D3BAB /* ComposeScene.swift */,
				BDD1B24126808EDC00C60991 /* DetailScene.swift */,
			);
			path = Scene;
			sourceTree = "<group>";
		};
		BDD1B23E2680771B00C60991 /* Shared */ = {
			isa = PBXGroup;
			children = (
				BDD1B23F2680773400C60991 /* KeyboardObserver.swift */,
			);
			path = Shared;
			sourceTree = "<group>";
		};
/* End PBXGroup section */

/* Begin PBXNativeTarget section */
		BD002541267C75290011ECEA /* SwiftUIMemo */ = {
			isa = PBXNativeTarget;
			buildConfigurationList = BD002559267C752A0011ECEA /* Build configuration list for PBXNativeTarget "SwiftUIMemo" */;
			buildPhases = (
				BD00253E267C75290011ECEA /* Sources */,
				BD00253F267C75290011ECEA /* Frameworks */,
				BD002540267C75290011ECEA /* Resources */,
			);
			buildRules = (
			);
			dependencies = (
			);
			name = SwiftUIMemo;
			productName = SwiftUIMemo;
			productReference = BD002542267C75290011ECEA /* SwiftUIMemo.app */;
			productType = "com.apple.product-type.application";
		};
/* End PBXNativeTarget section */

/* Begin PBXProject section */
		BD00253A267C75290011ECEA /* Project object */ = {
			isa = PBXProject;
			attributes = {
				LastSwiftUpdateCheck = 1250;
				LastUpgradeCheck = 1250;
				TargetAttributes = {
					BD002541267C75290011ECEA = {
						CreatedOnToolsVersion = 12.5;
					};
				};
			};
			buildConfigurationList = BD00253D267C75290011ECEA /* Build configuration list for PBXProject "SwiftUIMemo" */;
			compatibilityVersion = "Xcode 9.3";
			developmentRegion = en;
			hasScannedForEncodings = 0;
			knownRegions = (
				en,
				Base,
			);
			mainGroup = BD002539267C75290011ECEA;
			productRefGroup = BD002543267C75290011ECEA /* Products */;
			projectDirPath = "";
			projectRoot = "";
			targets = (
				BD002541267C75290011ECEA /* SwiftUIMemo */,
			);
		};
/* End PBXProject section */

/* Begin PBXResourcesBuildPhase section */
		BD002540267C75290011ECEA /* Resources */ = {
			isa = PBXResourcesBuildPhase;
			buildActionMask = 2147483647;
			files = (
				BD002555267C752A0011ECEA /* LaunchScreen.storyboard in Resources */,
				BD002552267C752A0011ECEA /* Preview Assets.xcassets in Resources */,
				BD00254F267C752A0011ECEA /* Assets.xcassets in Resources */,
			);
			runOnlyForDeploymentPostprocessing = 0;
		};
/* End PBXResourcesBuildPhase section */

/* Begin PBXSourcesBuildPhase section */
		BD00253E267C75290011ECEA /* Sources */ = {
			isa = PBXSourcesBuildPhase;
			buildActionMask = 2147483647;
			files = (
				BD002546267C75290011ECEA /* AppDelegate.swift in Sources */,
				BD35443B267C7F930065E2D1 /* MemoStore.swift in Sources */,
				BDD1B2402680773400C60991 /* KeyboardObserver.swift in Sources */,
				BD00254D267C75290011ECEA /* SwiftUIMemo.xcdatamodeld in Sources */,
				BD35443E267C83B00065E2D1 /* DateFormatter+Memo.swift in Sources */,
				BDD1B24226808EDC00C60991 /* DetailScene.swift in Sources */,
				BD002548267C75290011ECEA /* SceneDelegate.swift in Sources */,
				BD00254A267C75290011ECEA /* MemoListScene.swift in Sources */,
				BD354439267C7D960065E2D1 /* Memo.swift in Sources */,
				BD354441267C86290065E2D1 /* MemoCell.swift in Sources */,
				BD53D24B2680588A002D3BAB /* ComposeScene.swift in Sources */,
				BDD1B23D268074F600C60991 /* TextView.swift in Sources */,
			);
			runOnlyForDeploymentPostprocessing = 0;
		};
/* End PBXSourcesBuildPhase section */

/* Begin PBXVariantGroup section */
		BD002553267C752A0011ECEA /* LaunchScreen.storyboard */ = {
			isa = PBXVariantGroup;
			children = (
				BD002554267C752A0011ECEA /* Base */,
			);
			name = LaunchScreen.storyboard;
			sourceTree = "<group>";
		};
/* End PBXVariantGroup section */

/* Begin XCBuildConfiguration section */
		BD002557267C752A0011ECEA /* Debug */ = {
			isa = XCBuildConfiguration;
			buildSettings = {
				ALWAYS_SEARCH_USER_PATHS = NO;
				CLANG_ANALYZER_NONNULL = YES;
				CLANG_ANALYZER_NUMBER_OBJECT_CONVERSION = YES_AGGRESSIVE;
				CLANG_CXX_LANGUAGE_STANDARD = "gnu++14";
				CLANG_CXX_LIBRARY = "libc++";
				CLANG_ENABLE_MODULES = YES;
				CLANG_ENABLE_OBJC_ARC = YES;
				CLANG_ENABLE_OBJC_WEAK = YES;
				CLANG_WARN_BLOCK_CAPTURE_AUTORELEASING = YES;
				CLANG_WARN_BOOL_CONVERSION = YES;
				CLANG_WARN_COMMA = YES;
				CLANG_WARN_CONSTANT_CONVERSION = YES;
				CLANG_WARN_DEPRECATED_OBJC_IMPLEMENTATIONS = YES;
				CLANG_WARN_DIRECT_OBJC_ISA_USAGE = YES_ERROR;
				CLANG_WARN_DOCUMENTATION_COMMENTS = YES;
				CLANG_WARN_EMPTY_BODY = YES;
				CLANG_WARN_ENUM_CONVERSION = YES;
				CLANG_WARN_INFINITE_RECURSION = YES;
				CLANG_WARN_INT_CONVERSION = YES;
				CLANG_WARN_NON_LITERAL_NULL_CONVERSION = YES;
				CLANG_WARN_OBJC_IMPLICIT_RETAIN_SELF = YES;
				CLANG_WARN_OBJC_LITERAL_CONVERSION = YES;
				CLANG_WARN_OBJC_ROOT_CLASS = YES_ERROR;
				CLANG_WARN_QUOTED_INCLUDE_IN_FRAMEWORK_HEADER = YES;
				CLANG_WARN_RANGE_LOOP_ANALYSIS = YES;
				CLANG_WARN_STRICT_PROTOTYPES = YES;
				CLANG_WARN_SUSPICIOUS_MOVE = YES;
				CLANG_WARN_UNGUARDED_AVAILABILITY = YES_AGGRESSIVE;
				CLANG_WARN_UNREACHABLE_CODE = YES;
				CLANG_WARN__DUPLICATE_METHOD_MATCH = YES;
				COPY_PHASE_STRIP = NO;
				DEBUG_INFORMATION_FORMAT = dwarf;
				ENABLE_STRICT_OBJC_MSGSEND = YES;
				ENABLE_TESTABILITY = YES;
				GCC_C_LANGUAGE_STANDARD = gnu11;
				GCC_DYNAMIC_NO_PIC = NO;
				GCC_NO_COMMON_BLOCKS = YES;
				GCC_OPTIMIZATION_LEVEL = 0;
				GCC_PREPROCESSOR_DEFINITIONS = (
					"DEBUG=1",
					"$(inherited)",
				);
				GCC_WARN_64_TO_32_BIT_CONVERSION = YES;
				GCC_WARN_ABOUT_RETURN_TYPE = YES_ERROR;
				GCC_WARN_UNDECLARED_SELECTOR = YES;
				GCC_WARN_UNINITIALIZED_AUTOS = YES_AGGRESSIVE;
				GCC_WARN_UNUSED_FUNCTION = YES;
				GCC_WARN_UNUSED_VARIABLE = YES;
				IPHONEOS_DEPLOYMENT_TARGET = 14.5;
				MTL_ENABLE_DEBUG_INFO = INCLUDE_SOURCE;
				MTL_FAST_MATH = YES;
				ONLY_ACTIVE_ARCH = YES;
				SDKROOT = iphoneos;
				SWIFT_ACTIVE_COMPILATION_CONDITIONS = DEBUG;
				SWIFT_OPTIMIZATION_LEVEL = "-Onone";
			};
			name = Debug;
		};
		BD002558267C752A0011ECEA /* Release */ = {
			isa = XCBuildConfiguration;
			buildSettings = {
				ALWAYS_SEARCH_USER_PATHS = NO;
				CLANG_ANALYZER_NONNULL = YES;
				CLANG_ANALYZER_NUMBER_OBJECT_CONVERSION = YES_AGGRESSIVE;
				CLANG_CXX_LANGUAGE_STANDARD = "gnu++14";
				CLANG_CXX_LIBRARY = "libc++";
				CLANG_ENABLE_MODULES = YES;
				CLANG_ENABLE_OBJC_ARC = YES;
				CLANG_ENABLE_OBJC_WEAK = YES;
				CLANG_WARN_BLOCK_CAPTURE_AUTORELEASING = YES;
				CLANG_WARN_BOOL_CONVERSION = YES;
				CLANG_WARN_COMMA = YES;
				CLANG_WARN_CONSTANT_CONVERSION = YES;
				CLANG_WARN_DEPRECATED_OBJC_IMPLEMENTATIONS = YES;
				CLANG_WARN_DIRECT_OBJC_ISA_USAGE = YES_ERROR;
				CLANG_WARN_DOCUMENTATION_COMMENTS = YES;
				CLANG_WARN_EMPTY_BODY = YES;
				CLANG_WARN_ENUM_CONVERSION = YES;
				CLANG_WARN_INFINITE_RECURSION = YES;
				CLANG_WARN_INT_CONVERSION = YES;
				CLANG_WARN_NON_LITERAL_NULL_CONVERSION = YES;
				CLANG_WARN_OBJC_IMPLICIT_RETAIN_SELF = YES;
				CLANG_WARN_OBJC_LITERAL_CONVERSION = YES;
				CLANG_WARN_OBJC_ROOT_CLASS = YES_ERROR;
				CLANG_WARN_QUOTED_INCLUDE_IN_FRAMEWORK_HEADER = YES;
				CLANG_WARN_RANGE_LOOP_ANALYSIS = YES;
				CLANG_WARN_STRICT_PROTOTYPES = YES;
				CLANG_WARN_SUSPICIOUS_MOVE = YES;
				CLANG_WARN_UNGUARDED_AVAILABILITY = YES_AGGRESSIVE;
				CLANG_WARN_UNREACHABLE_CODE = YES;
				CLANG_WARN__DUPLICATE_METHOD_MATCH = YES;
				COPY_PHASE_STRIP = NO;
				DEBUG_INFORMATION_FORMAT = "dwarf-with-dsym";
				ENABLE_NS_ASSERTIONS = NO;
				ENABLE_STRICT_OBJC_MSGSEND = YES;
				GCC_C_LANGUAGE_STANDARD = gnu11;
				GCC_NO_COMMON_BLOCKS = YES;
				GCC_WARN_64_TO_32_BIT_CONVERSION = YES;
				GCC_WARN_ABOUT_RETURN_TYPE = YES_ERROR;
				GCC_WARN_UNDECLARED_SELECTOR = YES;
				GCC_WARN_UNINITIALIZED_AUTOS = YES_AGGRESSIVE;
				GCC_WARN_UNUSED_FUNCTION = YES;
				GCC_WARN_UNUSED_VARIABLE = YES;
				IPHONEOS_DEPLOYMENT_TARGET = 14.5;
				MTL_ENABLE_DEBUG_INFO = NO;
				MTL_FAST_MATH = YES;
				SDKROOT = iphoneos;
				SWIFT_COMPILATION_MODE = wholemodule;
				SWIFT_OPTIMIZATION_LEVEL = "-O";
				VALIDATE_PRODUCT = YES;
			};
			name = Release;
		};
		BD00255A267C752A0011ECEA /* Debug */ = {
			isa = XCBuildConfiguration;
			buildSettings = {
				ASSETCATALOG_COMPILER_APPICON_NAME = AppIcon;
				ASSETCATALOG_COMPILER_GLOBAL_ACCENT_COLOR_NAME = AccentColor;
				CODE_SIGN_STYLE = Automatic;
				DEVELOPMENT_ASSET_PATHS = "\"SwiftUIMemo/Preview Content\"";
				DEVELOPMENT_TEAM = ZLN97H98PA;
				ENABLE_PREVIEWS = YES;
				INFOPLIST_FILE = SwiftUIMemo/Info.plist;
				LD_RUNPATH_SEARCH_PATHS = (
					"$(inherited)",
					"@executable_path/Frameworks",
				);
				PRODUCT_BUNDLE_IDENTIFIER = com.UPs.SwiftUIMemo;
				PRODUCT_NAME = "$(TARGET_NAME)";
				SWIFT_VERSION = 5.0;
				TARGETED_DEVICE_FAMILY = "1,2";
			};
			name = Debug;
		};
		BD00255B267C752A0011ECEA /* Release */ = {
			isa = XCBuildConfiguration;
			buildSettings = {
				ASSETCATALOG_COMPILER_APPICON_NAME = AppIcon;
				ASSETCATALOG_COMPILER_GLOBAL_ACCENT_COLOR_NAME = AccentColor;
				CODE_SIGN_STYLE = Automatic;
				DEVELOPMENT_ASSET_PATHS = "\"SwiftUIMemo/Preview Content\"";
				DEVELOPMENT_TEAM = ZLN97H98PA;
				ENABLE_PREVIEWS = YES;
				INFOPLIST_FILE = SwiftUIMemo/Info.plist;
				LD_RUNPATH_SEARCH_PATHS = (
					"$(inherited)",
					"@executable_path/Frameworks",
				);
				PRODUCT_BUNDLE_IDENTIFIER = com.UPs.SwiftUIMemo;
				PRODUCT_NAME = "$(TARGET_NAME)";
				SWIFT_VERSION = 5.0;
				TARGETED_DEVICE_FAMILY = "1,2";
			};
			name = Release;
		};
/* End XCBuildConfiguration section */

/* Begin XCConfigurationList section */
		BD00253D267C75290011ECEA /* Build configuration list for PBXProject "SwiftUIMemo" */ = {
			isa = XCConfigurationList;
			buildConfigurations = (
				BD002557267C752A0011ECEA /* Debug */,
				BD002558267C752A0011ECEA /* Release */,
			);
			defaultConfigurationIsVisible = 0;
			defaultConfigurationName = Release;
		};
		BD002559267C752A0011ECEA /* Build configuration list for PBXNativeTarget "SwiftUIMemo" */ = {
			isa = XCConfigurationList;
			buildConfigurations = (
				BD00255A267C752A0011ECEA /* Debug */,
				BD00255B267C752A0011ECEA /* Release */,
			);
			defaultConfigurationIsVisible = 0;
			defaultConfigurationName = Release;
		};
/* End XCConfigurationList section */

/* Begin XCVersionGroup section */
		BD00254B267C75290011ECEA /* SwiftUIMemo.xcdatamodeld */ = {
			isa = XCVersionGroup;
			children = (
				BD00254C267C75290011ECEA /* SwiftUIMemo.xcdatamodel */,
			);
			currentVersion = BD00254C267C75290011ECEA /* SwiftUIMemo.xcdatamodel */;
			path = SwiftUIMemo.xcdatamodeld;
			sourceTree = "<group>";
			versionGroupType = wrapper.xcdatamodel;
		};
/* End XCVersionGroup section */
	};
	rootObject = BD00253A267C75290011ECEA /* Project object */;
}
